{
  "version": "5",
  "remote": {
    "https://esm.sh/@supabase/supabase-js@2.45.4": "1108d69216995335d057dbd15907caaf514a4d1ef082f097050573b9d589a57c"
  },
  "workspace": {
    "packageJson": {
      "dependencies": [
        "npm:@eslint/js@^9.39.1",
        "npm:esbuild@~0.28.1",
        "npm:eslint@^9.39.1",
        "npm:globals@^17.7.0",
        "npm:prettier@^3.9.4",
        "npm:typescript-eslint@^8.63.0",
        "npm:typescript@^5.9.3",
        "npm:vitest@^4.1.10"
      ]
    }
  }
}
